
Microsoft Visual Studio Solution File, Format Version 12.00
# Visual Studio 2017
Project("{FAE04EC0-301F-11D3-BF4B-00C04F79EFBC}") = "HoloKosz", "HoloKosz.csproj", "{006F78D4-D36D-A9F2-9C76-B3C05309DE50}"
EndProject
Project("{FAE04EC0-301F-11D3-BF4B-00C04F79EFBC}") = "HoloKosz.Editor", "HoloKosz.Editor.csproj", "{C6C015C6-CE72-030B-4161-07DDDE01E891}"
EndProject
Global
	GlobalSection(SolutionConfigurationPlatforms) = preSolution
		Debug|Any CPU = Debug|Any CPU
		Release|Any CPU = Release|Any CPU
	EndGlobalSection
	GlobalSection(ProjectConfigurationPlatforms) = postSolution
		{006F78D4-D36D-A9F2-9C76-B3C05309DE50}.Debug|Any CPU.ActiveCfg = Debug|Any CPU
		{006F78D4-D36D-A9F2-9C76-B3C05309DE50}.Debug|Any CPU.Build.0 = Debug|Any CPU
		{006F78D4-D36D-A9F2-9C76-B3C05309DE50}.Release|Any CPU.ActiveCfg = Release|Any CPU
		{006F78D4-D36D-A9F2-9C76-B3C05309DE50}.Release|Any CPU.Build.0 = Release|Any CPU
		{C6C015C6-CE72-030B-4161-07DDDE01E891}.Debug|Any CPU.ActiveCfg = Debug|Any CPU
		{C6C015C6-CE72-030B-4161-07DDDE01E891}.Debug|Any CPU.Build.0 = Debug|Any CPU
		{C6C015C6-CE72-030B-4161-07DDDE01E891}.Release|Any CPU.ActiveCfg = Release|Any CPU
		{C6C015C6-CE72-030B-4161-07DDDE01E891}.Release|Any CPU.Build.0 = Release|Any CPU
	EndGlobalSection
	GlobalSection(SolutionProperties) = preSolution
		HideSolutionNode = FALSE
	EndGlobalSection
EndGlobal
